
Microsoft Visual Studio Solution File, Format Version 12.00
# Visual Studio Version 17
VisualStudioVersion = 17.13.35806.99 d17.13
MinimumVisualStudioVersion = 10.0.40219.1
Project("{2150E333-8FDC-42A3-9474-1A3956D46DE8}") = "01 - Core", "01 - Core", "{B92A970C-55AA-4BF5-B8F0-14906E87B97F}"
EndProject
Project("{2150E333-8FDC-42A3-9474-1A3956D46DE8}") = "99 - Beds", "99 - Beds", "{87A34EF7-F18F-40D9-B9AB-BC0DF97F954A}"
EndProject
Project("{2150E333-8FDC-42A3-9474-1A3956D46DE8}") = "01 - Loggers", "01 - Loggers", "{A2C1456B-7CE9-4A1D-828E-687B06DC9113}"
EndProject
Project("{2150E333-8FDC-42A3-9474-1A3956D46DE8}") = "02 - Data", "02 - Data", "{D9109679-9A75-4A87-915F-21ADEC4C4398}"
EndProject
Project("{2150E333-8FDC-42A3-9474-1A3956D46DE8}") = "02 - Scripter", "02 - Scripter", "{DE490BF9-EA06-4F4D-95E5-1C52E1F2E7E2}"
EndProject
Project("{2150E333-8FDC-42A3-9474-1A3956D46DE8}") = "03 - Expressions", "03 - Expressions", "{C23071BF-55E0-4EFD-AA83-649BE3455AA1}"
EndProject
Project("{2150E333-8FDC-42A3-9474-1A3956D46DE8}") = "90 - Tests", "90 - Tests", "{EE1BE71F-53F7-4FE7-A03A-54B7102D6E16}"
EndProject
Project("{2150E333-8FDC-42A3-9474-1A3956D46DE8}") = "03 - Model", "03 - Model", "{C0FF12F7-2775-438B-B659-BC7EAD6BB601}"
EndProject
Project("{2150E333-8FDC-42A3-9474-1A3956D46DE8}") = "04 - Templates", "04 - Templates", "{FD818F3D-4C7A-41F1-9514-13DCA577DBCE}"
EndProject
Project("{2150E333-8FDC-42A3-9474-1A3956D46DE8}") = "80 - Applications", "80 - Applications", "{A9E90692-A801-4FE7-A415-B9C4CBFA3062}"
EndProject
Project("{2150E333-8FDC-42A3-9474-1A3956D46DE8}") = "1 - MetaTool", "1 - MetaTool", "{5DF743B4-073F-41EE-B4AA-4AAEE3870C02}"
EndProject
Project("{2150E333-8FDC-42A3-9474-1A3956D46DE8}") = "04 - Business", "04 - Business", "{251BF457-9139-4CC7-A8E4-017A1CDBCF59}"
EndProject
Project("{2150E333-8FDC-42A3-9474-1A3956D46DE8}") = "05 - Service", "05 - Service", "{9F2929E2-E9A5-4768-A4C8-32E364FB9670}"
EndProject
Project("{2150E333-8FDC-42A3-9474-1A3956D46DE8}") = "06 - MVVM", "06 - MVVM", "{44459540-F886-4B4E-911F-4AB0ECBD60C4}"
EndProject
Project("{2150E333-8FDC-42A3-9474-1A3956D46DE8}") = "98 - COTS", "98 - COTS", "{4A00D17C-A6D4-4A72-B1C3-C3484F4BFCB8}"
	ProjectSection(SolutionItems) = preProject
		resources\Caliburn.Micro.dll = resources\Caliburn.Micro.dll
		resources\MahApps.Metro.dll = resources\MahApps.Metro.dll
		resources\MahApps.Metro.Resources.dll = resources\MahApps.Metro.Resources.dll
		resources\System.Windows.Interactivity.dll = resources\System.Windows.Interactivity.dll
	EndProjectSection
EndProject
Project("{FAE04EC0-301F-11D3-BF4B-00C04F79EFBC}") = "C4Net.Core", "C4Net.Core\C4Net.Core.csproj", "{A94E6998-B88F-4116-A478-EC356278B536}"
EndProject
Project("{FAE04EC0-301F-11D3-BF4B-00C04F79EFBC}") = "CoreBed", "CoreBed\CoreBed.csproj", "{249158E6-265E-446F-9ABD-0A021F2EDD58}"
EndProject
Project("{FAE04EC0-301F-11D3-BF4B-00C04F79EFBC}") = "C4Net.Core.NLog", "C4Net.Core.NLog\C4Net.Core.NLog.csproj", "{FED26FCB-C8D5-4270-BCF6-51F9CC9B88E9}"
EndProject
Project("{FAE04EC0-301F-11D3-BF4B-00C04F79EFBC}") = "C4Net.Core.Log4", "C4Net.Core.Log4\C4Net.Core.Log4.csproj", "{0223700F-2446-48F1-847F-6F1C6B399D0C}"
EndProject
Project("{FAE04EC0-301F-11D3-BF4B-00C04F79EFBC}") = "C4Net.Core.Scripter", "C4Net.Core.Scripter\C4Net.Core.Scripter.csproj", "{747489EA-1E58-4129-9329-AADCBC33AE17}"
EndProject
Project("{FAE04EC0-301F-11D3-BF4B-00C04F79EFBC}") = "C4Net.Core.Expressions", "C4Net.Core.Expressions\C4Net.Core.Expressions.csproj", "{1B54237A-E7B2-41AA-ACE4-89152BD239BC}"
EndProject
Project("{FAE04EC0-301F-11D3-BF4B-00C04F79EFBC}") = "C4Net.Data", "C4Net.Data\C4Net.Data.csproj", "{09C6E0AE-0A06-488E-B0DC-A6457C21F64C}"
EndProject
Project("{FAE04EC0-301F-11D3-BF4B-00C04F79EFBC}") = "Tests.C4Net.Core", "Tests.C4Net.Core\Tests.C4Net.Core.csproj", "{3F637436-4AC5-4555-AAF5-5F046AF0990F}"
EndProject
Project("{FAE04EC0-301F-11D3-BF4B-00C04F79EFBC}") = "C4Net.Metamodel", "C4Net.Metamodel\C4Net.Metamodel.csproj", "{A04A5E35-61D3-4EEF-B495-58310C778287}"
EndProject
Project("{FAE04EC0-301F-11D3-BF4B-00C04F79EFBC}") = "C4Net.Schemas", "C4Net.Schemas\C4Net.Schemas.csproj", "{3C91EE1E-638B-4120-B335-0A4DE4F4C85F}"
EndProject
Project("{FAE04EC0-301F-11D3-BF4B-00C04F79EFBC}") = "C4Net.Schemas.OleDb", "C4Net.Schemas.OleDb\C4Net.Schemas.OleDb.csproj", "{3F66F544-D871-436F-AD5F-E9D88D8EF447}"
EndProject
Project("{FAE04EC0-301F-11D3-BF4B-00C04F79EFBC}") = "C4Net.Templates", "C4Net.Templates\C4Net.Templates.csproj", "{D6DA7293-720C-4667-B60C-357FD9BD8EC1}"
EndProject
Project("{FAE04EC0-301F-11D3-BF4B-00C04F79EFBC}") = "MetaTool", "MetaTool\MetaTool.csproj", "{524BADD4-3530-4494-9F9E-2B0980EFC0B4}"
EndProject
Project("{FAE04EC0-301F-11D3-BF4B-00C04F79EFBC}") = "MetaModel.Business", "MetaModel.Business\MetaModel.Business.csproj", "{DECF4802-C519-492C-A4FF-E94DD736775C}"
EndProject
Project("{FAE04EC0-301F-11D3-BF4B-00C04F79EFBC}") = "C4Net.JC3IEDM", "C4Net.JC3IEDM\C4Net.JC3IEDM.csproj", "{0CD5AA18-B15D-4079-8A16-1E857DD3AA05}"
EndProject
Project("{FAE04EC0-301F-11D3-BF4B-00C04F79EFBC}") = "C4Net.MVVM", "C4Net.MVVM\C4Net.MVVM.csproj", "{A6CB63B5-AC5F-449C-81CD-78D940B07DA8}"
EndProject
Project("{FAE04EC0-301F-11D3-BF4B-00C04F79EFBC}") = "C4Net.Data.ETL", "C4Net.Data.ETL\C4Net.Data.ETL.csproj", "{99CA90D0-8CC6-4114-A6F4-D80E9155B064}"
EndProject
Project("{FAE04EC0-301F-11D3-BF4B-00C04F79EFBC}") = "C4Net.Business", "C4Net.Business\C4Net.Business.csproj", "{D91BF41A-14C9-46F2-8CEA-C97ABC392D25}"
EndProject
Project("{FAE04EC0-301F-11D3-BF4B-00C04F79EFBC}") = "C4Net.Service", "C4Net.Service\C4Net.Service.csproj", "{15B3E0D2-6217-493A-A690-158C497F5318}"
EndProject
Global
	GlobalSection(SolutionConfigurationPlatforms) = preSolution
		Debug|Any CPU = Debug|Any CPU
		Release|Any CPU = Release|Any CPU
	EndGlobalSection
	GlobalSection(ProjectConfigurationPlatforms) = postSolution
		{A94E6998-B88F-4116-A478-EC356278B536}.Debug|Any CPU.ActiveCfg = Debug|Any CPU
		{A94E6998-B88F-4116-A478-EC356278B536}.Debug|Any CPU.Build.0 = Debug|Any CPU
		{A94E6998-B88F-4116-A478-EC356278B536}.Release|Any CPU.ActiveCfg = Release|Any CPU
		{A94E6998-B88F-4116-A478-EC356278B536}.Release|Any CPU.Build.0 = Release|Any CPU
		{249158E6-265E-446F-9ABD-0A021F2EDD58}.Debug|Any CPU.ActiveCfg = Debug|Any CPU
		{249158E6-265E-446F-9ABD-0A021F2EDD58}.Debug|Any CPU.Build.0 = Debug|Any CPU
		{249158E6-265E-446F-9ABD-0A021F2EDD58}.Release|Any CPU.ActiveCfg = Release|Any CPU
		{249158E6-265E-446F-9ABD-0A021F2EDD58}.Release|Any CPU.Build.0 = Release|Any CPU
		{FED26FCB-C8D5-4270-BCF6-51F9CC9B88E9}.Debug|Any CPU.ActiveCfg = Debug|Any CPU
		{FED26FCB-C8D5-4270-BCF6-51F9CC9B88E9}.Debug|Any CPU.Build.0 = Debug|Any CPU
		{FED26FCB-C8D5-4270-BCF6-51F9CC9B88E9}.Release|Any CPU.ActiveCfg = Release|Any CPU
		{FED26FCB-C8D5-4270-BCF6-51F9CC9B88E9}.Release|Any CPU.Build.0 = Release|Any CPU
		{0223700F-2446-48F1-847F-6F1C6B399D0C}.Debug|Any CPU.ActiveCfg = Debug|Any CPU
		{0223700F-2446-48F1-847F-6F1C6B399D0C}.Debug|Any CPU.Build.0 = Debug|Any CPU
		{0223700F-2446-48F1-847F-6F1C6B399D0C}.Release|Any CPU.ActiveCfg = Release|Any CPU
		{0223700F-2446-48F1-847F-6F1C6B399D0C}.Release|Any CPU.Build.0 = Release|Any CPU
		{747489EA-1E58-4129-9329-AADCBC33AE17}.Debug|Any CPU.ActiveCfg = Debug|Any CPU
		{747489EA-1E58-4129-9329-AADCBC33AE17}.Debug|Any CPU.Build.0 = Debug|Any CPU
		{747489EA-1E58-4129-9329-AADCBC33AE17}.Release|Any CPU.ActiveCfg = Release|Any CPU
		{747489EA-1E58-4129-9329-AADCBC33AE17}.Release|Any CPU.Build.0 = Release|Any CPU
		{1B54237A-E7B2-41AA-ACE4-89152BD239BC}.Debug|Any CPU.ActiveCfg = Debug|Any CPU
		{1B54237A-E7B2-41AA-ACE4-89152BD239BC}.Debug|Any CPU.Build.0 = Debug|Any CPU
		{1B54237A-E7B2-41AA-ACE4-89152BD239BC}.Release|Any CPU.ActiveCfg = Release|Any CPU
		{1B54237A-E7B2-41AA-ACE4-89152BD239BC}.Release|Any CPU.Build.0 = Release|Any CPU
		{09C6E0AE-0A06-488E-B0DC-A6457C21F64C}.Debug|Any CPU.ActiveCfg = Debug|Any CPU
		{09C6E0AE-0A06-488E-B0DC-A6457C21F64C}.Debug|Any CPU.Build.0 = Debug|Any CPU
		{09C6E0AE-0A06-488E-B0DC-A6457C21F64C}.Release|Any CPU.ActiveCfg = Release|Any CPU
		{09C6E0AE-0A06-488E-B0DC-A6457C21F64C}.Release|Any CPU.Build.0 = Release|Any CPU
		{3F637436-4AC5-4555-AAF5-5F046AF0990F}.Debug|Any CPU.ActiveCfg = Debug|Any CPU
		{3F637436-4AC5-4555-AAF5-5F046AF0990F}.Debug|Any CPU.Build.0 = Debug|Any CPU
		{3F637436-4AC5-4555-AAF5-5F046AF0990F}.Release|Any CPU.ActiveCfg = Release|Any CPU
		{3F637436-4AC5-4555-AAF5-5F046AF0990F}.Release|Any CPU.Build.0 = Release|Any CPU
		{A04A5E35-61D3-4EEF-B495-58310C778287}.Debug|Any CPU.ActiveCfg = Debug|Any CPU
		{A04A5E35-61D3-4EEF-B495-58310C778287}.Debug|Any CPU.Build.0 = Debug|Any CPU
		{A04A5E35-61D3-4EEF-B495-58310C778287}.Release|Any CPU.ActiveCfg = Release|Any CPU
		{A04A5E35-61D3-4EEF-B495-58310C778287}.Release|Any CPU.Build.0 = Release|Any CPU
		{3C91EE1E-638B-4120-B335-0A4DE4F4C85F}.Debug|Any CPU.ActiveCfg = Debug|Any CPU
		{3C91EE1E-638B-4120-B335-0A4DE4F4C85F}.Debug|Any CPU.Build.0 = Debug|Any CPU
		{3C91EE1E-638B-4120-B335-0A4DE4F4C85F}.Release|Any CPU.ActiveCfg = Release|Any CPU
		{3C91EE1E-638B-4120-B335-0A4DE4F4C85F}.Release|Any CPU.Build.0 = Release|Any CPU
		{3F66F544-D871-436F-AD5F-E9D88D8EF447}.Debug|Any CPU.ActiveCfg = Debug|Any CPU
		{3F66F544-D871-436F-AD5F-E9D88D8EF447}.Debug|Any CPU.Build.0 = Debug|Any CPU
		{3F66F544-D871-436F-AD5F-E9D88D8EF447}.Release|Any CPU.ActiveCfg = Release|Any CPU
		{3F66F544-D871-436F-AD5F-E9D88D8EF447}.Release|Any CPU.Build.0 = Release|Any CPU
		{D6DA7293-720C-4667-B60C-357FD9BD8EC1}.Debug|Any CPU.ActiveCfg = Debug|Any CPU
		{D6DA7293-720C-4667-B60C-357FD9BD8EC1}.Debug|Any CPU.Build.0 = Debug|Any CPU
		{D6DA7293-720C-4667-B60C-357FD9BD8EC1}.Release|Any CPU.ActiveCfg = Release|Any CPU
		{D6DA7293-720C-4667-B60C-357FD9BD8EC1}.Release|Any CPU.Build.0 = Release|Any CPU
		{524BADD4-3530-4494-9F9E-2B0980EFC0B4}.Debug|Any CPU.ActiveCfg = Debug|Any CPU
		{524BADD4-3530-4494-9F9E-2B0980EFC0B4}.Debug|Any CPU.Build.0 = Debug|Any CPU
		{524BADD4-3530-4494-9F9E-2B0980EFC0B4}.Release|Any CPU.ActiveCfg = Release|Any CPU
		{524BADD4-3530-4494-9F9E-2B0980EFC0B4}.Release|Any CPU.Build.0 = Release|Any CPU
		{DECF4802-C519-492C-A4FF-E94DD736775C}.Debug|Any CPU.ActiveCfg = Debug|Any CPU
		{DECF4802-C519-492C-A4FF-E94DD736775C}.Debug|Any CPU.Build.0 = Debug|Any CPU
		{DECF4802-C519-492C-A4FF-E94DD736775C}.Release|Any CPU.ActiveCfg = Release|Any CPU
		{DECF4802-C519-492C-A4FF-E94DD736775C}.Release|Any CPU.Build.0 = Release|Any CPU
		{0CD5AA18-B15D-4079-8A16-1E857DD3AA05}.Debug|Any CPU.ActiveCfg = Debug|Any CPU
		{0CD5AA18-B15D-4079-8A16-1E857DD3AA05}.Debug|Any CPU.Build.0 = Debug|Any CPU
		{0CD5AA18-B15D-4079-8A16-1E857DD3AA05}.Release|Any CPU.ActiveCfg = Release|Any CPU
		{0CD5AA18-B15D-4079-8A16-1E857DD3AA05}.Release|Any CPU.Build.0 = Release|Any CPU
		{A6CB63B5-AC5F-449C-81CD-78D940B07DA8}.Debug|Any CPU.ActiveCfg = Debug|Any CPU
		{A6CB63B5-AC5F-449C-81CD-78D940B07DA8}.Debug|Any CPU.Build.0 = Debug|Any CPU
		{A6CB63B5-AC5F-449C-81CD-78D940B07DA8}.Release|Any CPU.ActiveCfg = Release|Any CPU
		{A6CB63B5-AC5F-449C-81CD-78D940B07DA8}.Release|Any CPU.Build.0 = Release|Any CPU
		{99CA90D0-8CC6-4114-A6F4-D80E9155B064}.Debug|Any CPU.ActiveCfg = Debug|Any CPU
		{99CA90D0-8CC6-4114-A6F4-D80E9155B064}.Debug|Any CPU.Build.0 = Debug|Any CPU
		{99CA90D0-8CC6-4114-A6F4-D80E9155B064}.Release|Any CPU.ActiveCfg = Release|Any CPU
		{99CA90D0-8CC6-4114-A6F4-D80E9155B064}.Release|Any CPU.Build.0 = Release|Any CPU
		{D91BF41A-14C9-46F2-8CEA-C97ABC392D25}.Debug|Any CPU.ActiveCfg = Debug|Any CPU
		{D91BF41A-14C9-46F2-8CEA-C97ABC392D25}.Debug|Any CPU.Build.0 = Debug|Any CPU
		{D91BF41A-14C9-46F2-8CEA-C97ABC392D25}.Release|Any CPU.ActiveCfg = Release|Any CPU
		{D91BF41A-14C9-46F2-8CEA-C97ABC392D25}.Release|Any CPU.Build.0 = Release|Any CPU
		{15B3E0D2-6217-493A-A690-158C497F5318}.Debug|Any CPU.ActiveCfg = Debug|Any CPU
		{15B3E0D2-6217-493A-A690-158C497F5318}.Debug|Any CPU.Build.0 = Debug|Any CPU
		{15B3E0D2-6217-493A-A690-158C497F5318}.Release|Any CPU.ActiveCfg = Release|Any CPU
		{15B3E0D2-6217-493A-A690-158C497F5318}.Release|Any CPU.Build.0 = Release|Any CPU
	EndGlobalSection
	GlobalSection(SolutionProperties) = preSolution
		HideSolutionNode = FALSE
	EndGlobalSection
	GlobalSection(NestedProjects) = preSolution
		{A2C1456B-7CE9-4A1D-828E-687B06DC9113} = {B92A970C-55AA-4BF5-B8F0-14906E87B97F}
		{DE490BF9-EA06-4F4D-95E5-1C52E1F2E7E2} = {B92A970C-55AA-4BF5-B8F0-14906E87B97F}
		{C23071BF-55E0-4EFD-AA83-649BE3455AA1} = {B92A970C-55AA-4BF5-B8F0-14906E87B97F}
		{FD818F3D-4C7A-41F1-9514-13DCA577DBCE} = {B92A970C-55AA-4BF5-B8F0-14906E87B97F}
		{5DF743B4-073F-41EE-B4AA-4AAEE3870C02} = {A9E90692-A801-4FE7-A415-B9C4CBFA3062}
		{A94E6998-B88F-4116-A478-EC356278B536} = {B92A970C-55AA-4BF5-B8F0-14906E87B97F}
		{249158E6-265E-446F-9ABD-0A021F2EDD58} = {87A34EF7-F18F-40D9-B9AB-BC0DF97F954A}
		{FED26FCB-C8D5-4270-BCF6-51F9CC9B88E9} = {A2C1456B-7CE9-4A1D-828E-687B06DC9113}
		{0223700F-2446-48F1-847F-6F1C6B399D0C} = {A2C1456B-7CE9-4A1D-828E-687B06DC9113}
		{747489EA-1E58-4129-9329-AADCBC33AE17} = {DE490BF9-EA06-4F4D-95E5-1C52E1F2E7E2}
		{1B54237A-E7B2-41AA-ACE4-89152BD239BC} = {C23071BF-55E0-4EFD-AA83-649BE3455AA1}
		{09C6E0AE-0A06-488E-B0DC-A6457C21F64C} = {D9109679-9A75-4A87-915F-21ADEC4C4398}
		{3F637436-4AC5-4555-AAF5-5F046AF0990F} = {EE1BE71F-53F7-4FE7-A03A-54B7102D6E16}
		{A04A5E35-61D3-4EEF-B495-58310C778287} = {5DF743B4-073F-41EE-B4AA-4AAEE3870C02}
		{3C91EE1E-638B-4120-B335-0A4DE4F4C85F} = {D9109679-9A75-4A87-915F-21ADEC4C4398}
		{3F66F544-D871-436F-AD5F-E9D88D8EF447} = {D9109679-9A75-4A87-915F-21ADEC4C4398}
		{D6DA7293-720C-4667-B60C-357FD9BD8EC1} = {FD818F3D-4C7A-41F1-9514-13DCA577DBCE}
		{524BADD4-3530-4494-9F9E-2B0980EFC0B4} = {5DF743B4-073F-41EE-B4AA-4AAEE3870C02}
		{DECF4802-C519-492C-A4FF-E94DD736775C} = {5DF743B4-073F-41EE-B4AA-4AAEE3870C02}
		{0CD5AA18-B15D-4079-8A16-1E857DD3AA05} = {C0FF12F7-2775-438B-B659-BC7EAD6BB601}
		{A6CB63B5-AC5F-449C-81CD-78D940B07DA8} = {44459540-F886-4B4E-911F-4AB0ECBD60C4}
		{99CA90D0-8CC6-4114-A6F4-D80E9155B064} = {D9109679-9A75-4A87-915F-21ADEC4C4398}
		{D91BF41A-14C9-46F2-8CEA-C97ABC392D25} = {251BF457-9139-4CC7-A8E4-017A1CDBCF59}
		{15B3E0D2-6217-493A-A690-158C497F5318} = {9F2929E2-E9A5-4768-A4C8-32E364FB9670}
	EndGlobalSection
	GlobalSection(ExtensibilityGlobals) = postSolution
		SolutionGuid = {88A3F1FB-472E-42FE-AA11-71633B933989}
	EndGlobalSection
EndGlobal
